// !$*UTF8*$!
{
	archiveVersion = 1;
	classes = {
	};
	objectVersion = 56;
	objects = {

/* Begin PBXBuildFile section */
		2029D4A72C1C4E4500C7C544 /* LocationStorageManager.swift in Sources */ = {isa = PBXBuildFile; fileRef = 2029D4A62C1C4E4500C7C544 /* LocationStorageManager.swift */; };
		20CE10642C1B187100EF53F5 /* AppDelegate.swift in Sources */ = {isa = PBXBuildFile; fileRef = 20CE10632C1B187100EF53F5 /* AppDelegate.swift */; };
		20CE10662C1B187100EF53F5 /* SceneDelegate.swift in Sources */ = {isa = PBXBuildFile; fileRef = 20CE10652C1B187100EF53F5 /* SceneDelegate.swift */; };
		20CE10682C1B187100EF53F5 /* MapViewController.swift in Sources */ = {isa = PBXBuildFile; fileRef = 20CE10672C1B187100EF53F5 /* MapViewController.swift */; };
		20CE106B2C1B187100EF53F5 /* Base in Resources */ = {isa = PBXBuildFile; fileRef = 20CE106A2C1B187100EF53F5 /* Base */; };
		20CE106D2C1B187200EF53F5 /* Assets.xcassets in Resources */ = {isa = PBXBuildFile; fileRef = 20CE106C2C1B187200EF53F5 /* Assets.xcassets */; };
		20CE10702C1B187200EF53F5 /* Base in Resources */ = {isa = PBXBuildFile; fileRef = 20CE106F2C1B187200EF53F5 /* Base */; };
		20CE107B2C1B1C8600EF53F5 /* MapViewModel.swift in Sources */ = {isa = PBXBuildFile; fileRef = 20CE107A2C1B1C8600EF53F5 /* MapViewModel.swift */; };
		20CE107D2C1B1CF600EF53F5 /* LocationModel.swift in Sources */ = {isa = PBXBuildFile; fileRef = 20CE107C2C1B1CF600EF53F5 /* LocationModel.swift */; };
/* End PBXBuildFile section */

/* Begin PBXFileReference section */
		2029D4A62C1C4E4500C7C544 /* LocationStorageManager.swift */ = {isa = PBXFileReference; lastKnownFileType = sourcecode.swift; path = LocationStorageManager.swift; sourceTree = "<group>"; };
		20CE10602C1B187100EF53F5 /* LocationTracker.app */ = {isa = PBXFileReference; explicitFileType = wrapper.application; includeInIndex = 0; path = LocationTracker.app; sourceTree = BUILT_PRODUCTS_DIR; };
		20CE10632C1B187100EF53F5 /* AppDelegate.swift */ = {isa = PBXFileReference; lastKnownFileType = sourcecode.swift; path = AppDelegate.swift; sourceTree = "<group>"; };
		20CE10652C1B187100EF53F5 /* SceneDelegate.swift */ = {isa = PBXFileReference; lastKnownFileType = sourcecode.swift; path = SceneDelegate.swift; sourceTree = "<group>"; };
		20CE10672C1B187100EF53F5 /* MapViewController.swift */ = {isa = PBXFileReference; lastKnownFileType = sourcecode.swift; path = MapViewController.swift; sourceTree = "<group>"; };
		20CE106A2C1B187100EF53F5 /* Base */ = {isa = PBXFileReference; lastKnownFileType = file.storyboard; name = Base; path = Base.lproj/Main.storyboard; sourceTree = "<group>"; };
		20CE106C2C1B187200EF53F5 /* Assets.xcassets */ = {isa = PBXFileReference; lastKnownFileType = folder.assetcatalog; path = Assets.xcassets; sourceTree = "<group>"; };
		20CE106F2C1B187200EF53F5 /* Base */ = {isa = PBXFileReference; lastKnownFileType = file.storyboard; name = Base; path = Base.lproj/LaunchScreen.storyboard; sourceTree = "<group>"; };
		20CE10712C1B187200EF53F5 /* Info.plist */ = {isa = PBXFileReference; lastKnownFileType = text.plist.xml; path = Info.plist; sourceTree = "<group>"; };
		20CE107A2C1B1C8600EF53F5 /* MapViewModel.swift */ = {isa = PBXFileReference; lastKnownFileType = sourcecode.swift; path = MapViewModel.swift; sourceTree = "<group>"; };
		20CE107C2C1B1CF600EF53F5 /* LocationModel.swift */ = {isa = PBXFileReference; lastKnownFileType = sourcecode.swift; path = LocationModel.swift; sourceTree = "<group>"; };
/* End PBXFileReference section */

/* Begin PBXFrameworksBuildPhase section */
		20CE105D2C1B187100EF53F5 /* Frameworks */ = {
			isa = PBXFrameworksBuildPhase;
			buildActionMask = 2147483647;
			files = (
			);
			runOnlyForDeploymentPostprocessing = 0;
		};
/* End PBXFrameworksBuildPhase section */

/* Begin PBXGroup section */
		2029D4A52C1C4E3500C7C544 /* Helpers */ = {
			isa = PBXGroup;
			children = (
				2029D4A62C1C4E4500C7C544 /* LocationStorageManager.swift */,
			);
			path = Helpers;
			sourceTree = "<group>";
		};
		20CE10572C1B187100EF53F5 = {
			isa = PBXGroup;
			children = (
				20CE10622C1B187100EF53F5 /* LocationTracker */,
				20CE10612C1B187100EF53F5 /* Products */,
			);
			sourceTree = "<group>";
		};
		20CE10612C1B187100EF53F5 /* Products */ = {
			isa = PBXGroup;
			children = (
				20CE10602C1B187100EF53F5 /* LocationTracker.app */,
			);
			name = Products;
			sourceTree = "<group>";
		};
		20CE10622C1B187100EF53F5 /* LocationTracker */ = {
			isa = PBXGroup;
			children = (
				2029D4A52C1C4E3500C7C544 /* Helpers */,
				20CE10792C1B1BDB00EF53F5 /* ViewModels */,
				20CE10782C1B1BD200EF53F5 /* Models */,
				20CE10772C1B1BC600EF53F5 /* Views */,
				20CE10632C1B187100EF53F5 /* AppDelegate.swift */,
				20CE10652C1B187100EF53F5 /* SceneDelegate.swift */,
				20CE10692C1B187100EF53F5 /* Main.storyboard */,
				20CE106C2C1B187200EF53F5 /* Assets.xcassets */,
				20CE106E2C1B187200EF53F5 /* LaunchScreen.storyboard */,
				20CE10712C1B187200EF53F5 /* Info.plist */,
			);
			path = LocationTracker;
			sourceTree = "<group>";
		};
		20CE10772C1B1BC600EF53F5 /* Views */ = {
			isa = PBXGroup;
			children = (
				20CE10672C1B187100EF53F5 /* MapViewController.swift */,
			);
			path = Views;
			sourceTree = "<group>";
		};
		20CE10782C1B1BD200EF53F5 /* Models */ = {
			isa = PBXGroup;
			children = (
				20CE107C2C1B1CF600EF53F5 /* LocationModel.swift */,
			);
			path = Models;
			sourceTree = "<group>";
		};
		20CE10792C1B1BDB00EF53F5 /* ViewModels */ = {
			isa = PBXGroup;
			children = (
				20CE107A2C1B1C8600EF53F5 /* MapViewModel.swift */,
			);
			path = ViewModels;
			sourceTree = "<group>";
		};
/* End PBXGroup section */

/* Begin PBXNativeTarget section */
		20CE105F2C1B187100EF53F5 /* LocationTracker */ = {
			isa = PBXNativeTarget;
			buildConfigurationList = 20CE10742C1B187200EF53F5 /* Build configuration list for PBXNativeTarget "LocationTracker" */;
			buildPhases = (
				20CE105C2C1B187100EF53F5 /* Sources */,
				20CE105D2C1B187100EF53F5 /* Frameworks */,
				20CE105E2C1B187100EF53F5 /* Resources */,
			);
			buildRules = (
			);
			dependencies = (
			);
			name = LocationTracker;
			productName = LocationTracker;
			productReference = 20CE10602C1B187100EF53F5 /* LocationTracker.app */;
			productType = "com.apple.product-type.application";
		};
/* End PBXNativeTarget section */

/* Begin PBXProject section */
		20CE10582C1B187100EF53F5 /* Project object */ = {
			isa = PBXProject;
			attributes = {
				BuildIndependentTargetsInParallel = 1;
				LastSwiftUpdateCheck = 1540;
				LastUpgradeCheck = 1540;
				TargetAttributes = {
					20CE105F2C1B187100EF53F5 = {
						CreatedOnToolsVersion = 15.4;
					};
				};
			};
			buildConfigurationList = 20CE105B2C1B187100EF53F5 /* Build configuration list for PBXProject "LocationTracker" */;
			compatibilityVersion = "Xcode 14.0";
			developmentRegion = en;
			hasScannedForEncodings = 0;
			knownRegions = (
				en,
				Base,
			);
			mainGroup = 20CE10572C1B187100EF53F5;
			productRefGroup = 20CE10612C1B187100EF53F5 /* Products */;
			projectDirPath = "";
			projectRoot = "";
			targets = (
				20CE105F2C1B187100EF53F5 /* LocationTracker */,
			);
		};
/* End PBXProject section */

/* Begin PBXResourcesBuildPhase section */
		20CE105E2C1B187100EF53F5 /* Resources */ = {
			isa = PBXResourcesBuildPhase;
			buildActionMask = 2147483647;
			files = (
				20CE106D2C1B187200EF53F5 /* Assets.xcassets in Resources */,
				20CE10702C1B187200EF53F5 /* Base in Resources */,
				20CE106B2C1B187100EF53F5 /* Base in Resources */,
			);
			runOnlyForDeploymentPostprocessing = 0;
		};
/* End PBXResourcesBuildPhase section */

/* Begin PBXSourcesBuildPhase section */
		20CE105C2C1B187100EF53F5 /* Sources */ = {
			isa = PBXSourcesBuildPhase;
			buildActionMask = 2147483647;
			files = (
				20CE10682C1B187100EF53F5 /* MapViewController.swift in Sources */,
				20CE10642C1B187100EF53F5 /* AppDelegate.swift in Sources */,
				20CE10662C1B187100EF53F5 /* SceneDelegate.swift in Sources */,
				20CE107D2C1B1CF600EF53F5 /* LocationModel.swift in Sources */,
				2029D4A72C1C4E4500C7C544 /* LocationStorageManager.swift in Sources */,
				20CE107B2C1B1C8600EF53F5 /* MapViewModel.swift in Sources */,
			);
			runOnlyForDeploymentPostprocessing = 0;
		};
/* End PBXSourcesBuildPhase section */

/* Begin PBXVariantGroup section */
		20CE10692C1B187100EF53F5 /* Main.storyboard */ = {
			isa = PBXVariantGroup;
			children = (
				20CE106A2C1B187100EF53F5 /* Base */,
			);
			name = Main.storyboard;
			sourceTree = "<group>";
		};
		20CE106E2C1B187200EF53F5 /* LaunchScreen.storyboard */ = {
			isa = PBXVariantGroup;
			children = (
				20CE106F2C1B187200EF53F5 /* Base */,
			);
			name = LaunchScreen.storyboard;
			sourceTree = "<group>";
		};
/* End PBXVariantGroup section */

/* Begin XCBuildConfiguration section */
		20CE10722C1B187200EF53F5 /* Debug */ = {
			isa = XCBuildConfiguration;
			buildSettings = {
				ALWAYS_SEARCH_USER_PATHS = NO;
				ASSETCATALOG_COMPILER_GENERATE_SWIFT_ASSET_SYMBOL_EXTENSIONS = YES;
				CLANG_ANALYZER_NONNULL = YES;
				CLANG_ANALYZER_NUMBER_OBJECT_CONVERSION = YES_AGGRESSIVE;
				CLANG_CXX_LANGUAGE_STANDARD = "gnu++20";
				CLANG_ENABLE_MODULES = YES;
				CLANG_ENABLE_OBJC_ARC = YES;
				CLANG_ENABLE_OBJC_WEAK = YES;
				CLANG_WARN_BLOCK_CAPTURE_AUTORELEASING = YES;
				CLANG_WARN_BOOL_CONVERSION = YES;
				CLANG_WARN_COMMA = YES;
				CLANG_WARN_CONSTANT_CONVERSION = YES;
				CLANG_WARN_DEPRECATED_OBJC_IMPLEMENTATIONS = YES;
				CLANG_WARN_DIRECT_OBJC_ISA_USAGE = YES_ERROR;
				CLANG_WARN_DOCUMENTATION_COMMENTS = YES;
				CLANG_WARN_EMPTY_BODY = YES;
				CLANG_WARN_ENUM_CONVERSION = YES;
				CLANG_WARN_INFINITE_RECURSION = YES;
				CLANG_WARN_INT_CONVERSION = YES;
				CLANG_WARN_NON_LITERAL_NULL_CONVERSION = YES;
				CLANG_WARN_OBJC_IMPLICIT_RETAIN_SELF = YES;
				CLANG_WARN_OBJC_LITERAL_CONVERSION = YES;
				CLANG_WARN_OBJC_ROOT_CLASS = YES_ERROR;
				CLANG_WARN_QUOTED_INCLUDE_IN_FRAMEWORK_HEADER = YES;
				CLANG_WARN_RANGE_LOOP_ANALYSIS = YES;
				CLANG_WARN_STRICT_PROTOTYPES = YES;
				CLANG_WARN_SUSPICIOUS_MOVE = YES;
				CLANG_WARN_UNGUARDED_AVAILABILITY = YES_AGGRESSIVE;
				CLANG_WARN_UNREACHABLE_CODE = YES;
				CLANG_WARN__DUPLICATE_METHOD_MATCH = YES;
				COPY_PHASE_STRIP = NO;
				DEBUG_INFORMATION_FORMAT = dwarf;
				ENABLE_STRICT_OBJC_MSGSEND = YES;
				ENABLE_TESTABILITY = YES;
				ENABLE_USER_SCRIPT_SANDBOXING = YES;
				GCC_C_LANGUAGE_STANDARD = gnu17;
				GCC_DYNAMIC_NO_PIC = NO;
				GCC_NO_COMMON_BLOCKS = YES;
				GCC_OPTIMIZATION_LEVEL = 0;
				GCC_PREPROCESSOR_DEFINITIONS = (
					"DEBUG=1",
					"$(inherited)",
				);
				GCC_WARN_64_TO_32_BIT_CONVERSION = YES;
				GCC_WARN_ABOUT_RETURN_TYPE = YES_ERROR;
				GCC_WARN_UNDECLARED_SELECTOR = YES;
				GCC_WARN_UNINITIALIZED_AUTOS = YES_AGGRESSIVE;
				GCC_WARN_UNUSED_FUNCTION = YES;
				GCC_WARN_UNUSED_VARIABLE = YES;
				IPHONEOS_DEPLOYMENT_TARGET = 17.5;
				LOCALIZATION_PREFERS_STRING_CATALOGS = YES;
				MTL_ENABLE_DEBUG_INFO = INCLUDE_SOURCE;
				MTL_FAST_MATH = YES;
				ONLY_ACTIVE_ARCH = YES;
				SDKROOT = iphoneos;
				SWIFT_ACTIVE_COMPILATION_CONDITIONS = "DEBUG $(inherited)";
				SWIFT_OPTIMIZATION_LEVEL = "-Onone";
			};
			name = Debug;
		};
		20CE10732C1B187200EF53F5 /* Release */ = {
			isa = XCBuildConfiguration;
			buildSettings = {
				ALWAYS_SEARCH_USER_PATHS = NO;
				ASSETCATALOG_COMPILER_GENERATE_SWIFT_ASSET_SYMBOL_EXTENSIONS = YES;
				CLANG_ANALYZER_NONNULL = YES;
				CLANG_ANALYZER_NUMBER_OBJECT_CONVERSION = YES_AGGRESSIVE;
				CLANG_CXX_LANGUAGE_STANDARD = "gnu++20";
				CLANG_ENABLE_MODULES = YES;
				CLANG_ENABLE_OBJC_ARC = YES;
				CLANG_ENABLE_OBJC_WEAK = YES;
				CLANG_WARN_BLOCK_CAPTURE_AUTORELEASING = YES;
				CLANG_WARN_BOOL_CONVERSION = YES;
				CLANG_WARN_COMMA = YES;
				CLANG_WARN_CONSTANT_CONVERSION = YES;
				CLANG_WARN_DEPRECATED_OBJC_IMPLEMENTATIONS = YES;
				CLANG_WARN_DIRECT_OBJC_ISA_USAGE = YES_ERROR;
				CLANG_WARN_DOCUMENTATION_COMMENTS = YES;
				CLANG_WARN_EMPTY_BODY = YES;
				CLANG_WARN_ENUM_CONVERSION = YES;
				CLANG_WARN_INFINITE_RECURSION = YES;
				CLANG_WARN_INT_CONVERSION = YES;
				CLANG_WARN_NON_LITERAL_NULL_CONVERSION = YES;
				CLANG_WARN_OBJC_IMPLICIT_RETAIN_SELF = YES;
				CLANG_WARN_OBJC_LITERAL_CONVERSION = YES;
				CLANG_WARN_OBJC_ROOT_CLASS = YES_ERROR;
				CLANG_WARN_QUOTED_INCLUDE_IN_FRAMEWORK_HEADER = YES;
				CLANG_WARN_RANGE_LOOP_ANALYSIS = YES;
				CLANG_WARN_STRICT_PROTOTYPES = YES;
				CLANG_WARN_SUSPICIOUS_MOVE = YES;
				CLANG_WARN_UNGUARDED_AVAILABILITY = YES_AGGRESSIVE;
				CLANG_WARN_UNREACHABLE_CODE = YES;
				CLANG_WARN__DUPLICATE_METHOD_MATCH = YES;
				COPY_PHASE_STRIP = NO;
				DEBUG_INFORMATION_FORMAT = "dwarf-with-dsym";
				ENABLE_NS_ASSERTIONS = NO;
				ENABLE_STRICT_OBJC_MSGSEND = YES;
				ENABLE_USER_SCRIPT_SANDBOXING = YES;
				GCC_C_LANGUAGE_STANDARD = gnu17;
				GCC_NO_COMMON_BLOCKS = YES;
				GCC_WARN_64_TO_32_BIT_CONVERSION = YES;
				GCC_WARN_ABOUT_RETURN_TYPE = YES_ERROR;
				GCC_WARN_UNDECLARED_SELECTOR = YES;
				GCC_WARN_UNINITIALIZED_AUTOS = YES_AGGRESSIVE;
				GCC_WARN_UNUSED_FUNCTION = YES;
				GCC_WARN_UNUSED_VARIABLE = YES;
				IPHONEOS_DEPLOYMENT_TARGET = 17.5;
				LOCALIZATION_PREFERS_STRING_CATALOGS = YES;
				MTL_ENABLE_DEBUG_INFO = NO;
				MTL_FAST_MATH = YES;
				SDKROOT = iphoneos;
				SWIFT_COMPILATION_MODE = wholemodule;
				VALIDATE_PRODUCT = YES;
			};
			name = Release;
		};
		20CE10752C1B187200EF53F5 /* Debug */ = {
			isa = XCBuildConfiguration;
			buildSettings = {
				ASSETCATALOG_COMPILER_APPICON_NAME = AppIcon;
				ASSETCATALOG_COMPILER_GLOBAL_ACCENT_COLOR_NAME = AccentColor;
				CODE_SIGN_STYLE = Automatic;
				CURRENT_PROJECT_VERSION = 1;
				DEVELOPMENT_TEAM = 7Q8PKAT6A5;
				GENERATE_INFOPLIST_FILE = YES;
				INFOPLIST_FILE = LocationTracker/Info.plist;
				INFOPLIST_KEY_UIApplicationSupportsIndirectInputEvents = YES;
				INFOPLIST_KEY_UILaunchStoryboardName = LaunchScreen;
				INFOPLIST_KEY_UIMainStoryboardFile = Main;
				INFOPLIST_KEY_UISupportedInterfaceOrientations_iPad = "UIInterfaceOrientationPortrait UIInterfaceOrientationPortraitUpsideDown UIInterfaceOrientationLandscapeLeft UIInterfaceOrientationLandscapeRight";
				INFOPLIST_KEY_UISupportedInterfaceOrientations_iPhone = "UIInterfaceOrientationPortrait UIInterfaceOrientationLandscapeLeft UIInterfaceOrientationLandscapeRight";
				LD_RUNPATH_SEARCH_PATHS = (
					"$(inherited)",
					"@executable_path/Frameworks",
				);
				MARKETING_VERSION = 1.0;
				PRODUCT_BUNDLE_IDENTIFIER = com.burak.locationtracker.LocationTracker;
				PRODUCT_NAME = "$(TARGET_NAME)";
				SWIFT_EMIT_LOC_STRINGS = YES;
				SWIFT_VERSION = 5.0;
				TARGETED_DEVICE_FAMILY = "1,2";
			};
			name = Debug;
		};
		20CE10762C1B187200EF53F5 /* Release */ = {
			isa = XCBuildConfiguration;
			buildSettings = {
				ASSETCATALOG_COMPILER_APPICON_NAME = AppIcon;
				ASSETCATALOG_COMPILER_GLOBAL_ACCENT_COLOR_NAME = AccentColor;
				CODE_SIGN_STYLE = Automatic;
				CURRENT_PROJECT_VERSION = 1;
				DEVELOPMENT_TEAM = 7Q8PKAT6A5;
				GENERATE_INFOPLIST_FILE = YES;
				INFOPLIST_FILE = LocationTracker/Info.plist;
				INFOPLIST_KEY_UIApplicationSupportsIndirectInputEvents = YES;
				INFOPLIST_KEY_UILaunchStoryboardName = LaunchScreen;
				INFOPLIST_KEY_UIMainStoryboardFile = Main;
				INFOPLIST_KEY_UISupportedInterfaceOrientations_iPad = "UIInterfaceOrientationPortrait UIInterfaceOrientationPortraitUpsideDown UIInterfaceOrientationLandscapeLeft UIInterfaceOrientationLandscapeRight";
				INFOPLIST_KEY_UISupportedInterfaceOrientations_iPhone = "UIInterfaceOrientationPortrait UIInterfaceOrientationLandscapeLeft UIInterfaceOrientationLandscapeRight";
				LD_RUNPATH_SEARCH_PATHS = (
					"$(inherited)",
					"@executable_path/Frameworks",
				);
				MARKETING_VERSION = 1.0;
				PRODUCT_BUNDLE_IDENTIFIER = com.burak.locationtracker.LocationTracker;
				PRODUCT_NAME = "$(TARGET_NAME)";
				SWIFT_EMIT_LOC_STRINGS = YES;
				SWIFT_VERSION = 5.0;
				TARGETED_DEVICE_FAMILY = "1,2";
			};
			name = Release;
		};
/* End XCBuildConfiguration section */

/* Begin XCConfigurationList section */
		20CE105B2C1B187100EF53F5 /* Build configuration list for PBXProject "LocationTracker" */ = {
			isa = XCConfigurationList;
			buildConfigurations = (
				20CE10722C1B187200EF53F5 /* Debug */,
				20CE10732C1B187200EF53F5 /* Release */,
			);
			defaultConfigurationIsVisible = 0;
			defaultConfigurationName = Release;
		};
		20CE10742C1B187200EF53F5 /* Build configuration list for PBXNativeTarget "LocationTracker" */ = {
			isa = XCConfigurationList;
			buildConfigurations = (
				20CE10752C1B187200EF53F5 /* Debug */,
				20CE10762C1B187200EF53F5 /* Release */,
			);
			defaultConfigurationIsVisible = 0;
			defaultConfigurationName = Release;
		};
/* End XCConfigurationList section */
	};
	rootObject = 20CE10582C1B187100EF53F5 /* Project object */;
}
